// !$*UTF8*$!
{
	archiveVersion = 1;
	classes = {
	};
	objectVersion = 46;
	objects = {

/* Begin PBXBuildFile section */
		12A702701918C9EF00F32217 /* LRSetupViewController.m in Sources */ = {isa = PBXBuildFile; fileRef = 12A7026E1918C9EF00F32217 /* LRSetupViewController.m */; };
		12A702711918C9EF00F32217 /* LRSetupViewController.xib in Resources */ = {isa = PBXBuildFile; fileRef = 12A7026F1918C9EF00F32217 /* LRSetupViewController.xib */; };
		12A702781918CA1B00F32217 /* LRLearningViewController.m in Sources */ = {isa = PBXBuildFile; fileRef = 12A702761918CA1B00F32217 /* LRLearningViewController.m */; };
		12A702791918CA1B00F32217 /* LRLearningViewController.xib in Resources */ = {isa = PBXBuildFile; fileRef = 12A702771918CA1B00F32217 /* LRLearningViewController.xib */; };
		12A7027D1918CA2900F32217 /* LRLibraryViewController.m in Sources */ = {isa = PBXBuildFile; fileRef = 12A7027B1918CA2900F32217 /* LRLibraryViewController.m */; };
		12A7027E1918CA2900F32217 /* LRLibraryViewController.xib in Resources */ = {isa = PBXBuildFile; fileRef = 12A7027C1918CA2900F32217 /* LRLibraryViewController.xib */; };
		12A702821918CA3700F32217 /* LRMoreViewController.m in Sources */ = {isa = PBXBuildFile; fileRef = 12A702801918CA3700F32217 /* LRMoreViewController.m */; };
		12A702831918CA3700F32217 /* LRMoreViewController.xib in Resources */ = {isa = PBXBuildFile; fileRef = 12A702811918CA3700F32217 /* LRMoreViewController.xib */; };
		12A702851918E4E400F32217 /* fontellofull.ttf in Resources */ = {isa = PBXBuildFile; fileRef = 12A702841918E4E400F32217 /* fontellofull.ttf */; };
		12A702881918E56800F32217 /* LRConstants.m in Sources */ = {isa = PBXBuildFile; fileRef = 12A702871918E56800F32217 /* LRConstants.m */; };
		12BDFA7E1920011800CEE3D5 /* LRDetailWebViewController.m in Sources */ = {isa = PBXBuildFile; fileRef = 12BDFA7C1920011800CEE3D5 /* LRDetailWebViewController.m */; };
		12BDFA7F1920011800CEE3D5 /* LRDetailWebViewController.xib in Resources */ = {isa = PBXBuildFile; fileRef = 12BDFA7D1920011800CEE3D5 /* LRDetailWebViewController.xib */; };
		12BDFAAA1920012000CEE3D5 /* Adding and Removing Nodes.pdf in Resources */ = {isa = PBXBuildFile; fileRef = 12BDFA811920012000CEE3D5 /* Adding and Removing Nodes.pdf */; };
		12BDFAAB1920012000CEE3D5 /* Basho Bench.pdf in Resources */ = {isa = PBXBuildFile; fileRef = 12BDFA821920012000CEE3D5 /* Basho Bench.pdf */; };
		12BDFAAC1920012000CEE3D5 /* Basic Cluster Setup.pdf in Resources */ = {isa = PBXBuildFile; fileRef = 12BDFA831920012000CEE3D5 /* Basic Cluster Setup.pdf */; };
		12BDFAAD1920012000CEE3D5 /* Basic Configuration.pdf in Resources */ = {isa = PBXBuildFile; fileRef = 12BDFA841920012000CEE3D5 /* Basic Configuration.pdf */; };
		12BDFAAE1920012000CEE3D5 /* Client Libraries.pdf in Resources */ = {isa = PBXBuildFile; fileRef = 12BDFA851920012000CEE3D5 /* Client Libraries.pdf */; };
		12BDFAAF1920012000CEE3D5 /* Configuration Files.pdf in Resources */ = {isa = PBXBuildFile; fileRef = 12BDFA861920012000CEE3D5 /* Configuration Files.pdf */; };
		12BDFAB01920012000CEE3D5 /* Configuring Secondary Indexes.pdf in Resources */ = {isa = PBXBuildFile; fileRef = 12BDFA871920012000CEE3D5 /* Configuring Secondary Indexes.pdf */; };
		12BDFAB11920012000CEE3D5 /* Inspecting a Node.pdf in Resources */ = {isa = PBXBuildFile; fileRef = 12BDFA881920012000CEE3D5 /* Inspecting a Node.pdf */; };
		12BDFAB21920012000CEE3D5 /* Installing and Upgrading.pdf in Resources */ = {isa = PBXBuildFile; fileRef = 12BDFA891920012000CEE3D5 /* Installing and Upgrading.pdf */; };
		12BDFAB31920012000CEE3D5 /* Installing Erlang.pdf in Resources */ = {isa = PBXBuildFile; fileRef = 12BDFA8A1920012000CEE3D5 /* Installing Erlang.pdf */; };
		12BDFAB41920012000CEE3D5 /* Installing on AWS Marketplace.pdf in Resources */ = {isa = PBXBuildFile; fileRef = 12BDFA8B1920012000CEE3D5 /* Installing on AWS Marketplace.pdf */; };
		12BDFAB51920012000CEE3D5 /* Installing on Debian and Ubuntu.pdf in Resources */ = {isa = PBXBuildFile; fileRef = 12BDFA8C1920012000CEE3D5 /* Installing on Debian and Ubuntu.pdf */; };
		12BDFAB61920012000CEE3D5 /* Installing on FreeBSD.pdf in Resources */ = {isa = PBXBuildFile; fileRef = 12BDFA8D1920012000CEE3D5 /* Installing on FreeBSD.pdf */; };
		12BDFAB71920012000CEE3D5 /* Installing on Mac OS X.pdf in Resources */ = {isa = PBXBuildFile; fileRef = 12BDFA8E1920012000CEE3D5 /* Installing on Mac OS X.pdf */; };
		12BDFAB81920012000CEE3D5 /* Installing on RHEL and CentOS.pdf in Resources */ = {isa = PBXBuildFile; fileRef = 12BDFA8F1920012000CEE3D5 /* Installing on RHEL and CentOS.pdf */; };
		12BDFAB91920012000CEE3D5 /* Installing on SmartOS.pdf in Resources */ = {isa = PBXBuildFile; fileRef = 12BDFA901920012000CEE3D5 /* Installing on SmartOS.pdf */; };
		12BDFABA1920012000CEE3D5 /* Installing on Solaris.pdf in Resources */ = {isa = PBXBuildFile; fileRef = 12BDFA911920012000CEE3D5 /* Installing on Solaris.pdf */; };
		12BDFABB1920012000CEE3D5 /* Installing on SUSE.pdf in Resources */ = {isa = PBXBuildFile; fileRef = 12BDFA921920012000CEE3D5 /* Installing on SUSE.pdf */; };
		12BDFABC1920012000CEE3D5 /* Installing on Windows Azure.pdf in Resources */ = {isa = PBXBuildFile; fileRef = 12BDFA931920012000CEE3D5 /* Installing on Windows Azure.pdf */; };
		12BDFABD1920012000CEE3D5 /* Installing Riak from Source.pdf in Resources */ = {isa = PBXBuildFile; fileRef = 12BDFA941920012000CEE3D5 /* Installing Riak from Source.pdf */; };
		12BDFABE1920012000CEE3D5 /* Link Walking.pdf in Resources */ = {isa = PBXBuildFile; fileRef = 12BDFA951920012000CEE3D5 /* Link Walking.pdf */; };
		12BDFABF1920012000CEE3D5 /* Load Balancing and Proxy Configuration.pdf in Resources */ = {isa = PBXBuildFile; fileRef = 12BDFA961920012000CEE3D5 /* Load Balancing and Proxy Configuration.pdf */; };
		12BDFAC01920012000CEE3D5 /* Post Installation.pdf in Resources */ = {isa = PBXBuildFile; fileRef = 12BDFA971920012000CEE3D5 /* Post Installation.pdf */; };
		12BDFAC11920012000CEE3D5 /* Querying with Erlang.pdf in Resources */ = {isa = PBXBuildFile; fileRef = 12BDFA981920012000CEE3D5 /* Querying with Erlang.pdf */; };
		12BDFAC21920012000CEE3D5 /* Querying with Java.pdf in Resources */ = {isa = PBXBuildFile; fileRef = 12BDFA991920012000CEE3D5 /* Querying with Java.pdf */; };
		12BDFAC31920012000CEE3D5 /* Querying with PHP.pdf in Resources */ = {isa = PBXBuildFile; fileRef = 12BDFA9A1920012000CEE3D5 /* Querying with PHP.pdf */; };
		12BDFAC41920012000CEE3D5 /* Querying with Python.pdf in Resources */ = {isa = PBXBuildFile; fileRef = 12BDFA9B1920012000CEE3D5 /* Querying with Python.pdf */; };
		12BDFAC51920012000CEE3D5 /* Querying with Ruby.pdf in Resources */ = {isa = PBXBuildFile; fileRef = 12BDFA9C1920012000CEE3D5 /* Querying with Ruby.pdf */; };
		12BDFAC61920012000CEE3D5 /* Querying.pdf in Resources */ = {isa = PBXBuildFile; fileRef = 12BDFA9D1920012000CEE3D5 /* Querying.pdf */; };
		12BDFAC71920012000CEE3D5 /* Renaming Nodes.pdf in Resources */ = {isa = PBXBuildFile; fileRef = 12BDFA9E1920012000CEE3D5 /* Renaming Nodes.pdf */; };
		12BDFAC81920012000CEE3D5 /* Replacing a Node.pdf in Resources */ = {isa = PBXBuildFile; fileRef = 12BDFA9F1920012000CEE3D5 /* Replacing a Node.pdf */; };
		12BDFAC91920012000CEE3D5 /* Riak MapReduce Settings.pdf in Resources */ = {isa = PBXBuildFile; fileRef = 12BDFAA01920012000CEE3D5 /* Riak MapReduce Settings.pdf */; };
		12BDFACA1920012000CEE3D5 /* Riak Search Settings.pdf in Resources */ = {isa = PBXBuildFile; fileRef = 12BDFAA11920012000CEE3D5 /* Riak Search Settings.pdf */; };
		12BDFACB1920012000CEE3D5 /* The Basics.pdf in Resources */ = {isa = PBXBuildFile; fileRef = 12BDFAA21920012000CEE3D5 /* The Basics.pdf */; };
		12BDFACC1920012000CEE3D5 /* Tips and Tricks.pdf in Resources */ = {isa = PBXBuildFile; fileRef = 12BDFAA31920012000CEE3D5 /* Tips and Tricks.pdf */; };
		12BDFACD1920012000CEE3D5 /* Using Commit Hooks.pdf in Resources */ = {isa = PBXBuildFile; fileRef = 12BDFAA41920012000CEE3D5 /* Using Commit Hooks.pdf */; };
		12BDFACE1920012000CEE3D5 /* Using Key Filters.pdf in Resources */ = {isa = PBXBuildFile; fileRef = 12BDFAA51920012000CEE3D5 /* Using Key Filters.pdf */; };
		12BDFACF1920012000CEE3D5 /* Using MapReduce.pdf in Resources */ = {isa = PBXBuildFile; fileRef = 12BDFAA61920012000CEE3D5 /* Using MapReduce.pdf */; };
		12BDFAD01920012000CEE3D5 /* Using Search.pdf in Resources */ = {isa = PBXBuildFile; fileRef = 12BDFAA71920012000CEE3D5 /* Using Search.pdf */; };
		12BDFAD11920012000CEE3D5 /* Using Secondary Indexes.pdf in Resources */ = {isa = PBXBuildFile; fileRef = 12BDFAA81920012000CEE3D5 /* Using Secondary Indexes.pdf */; };
		12BDFAD21920012000CEE3D5 /* Why Riak.pdf in Resources */ = {isa = PBXBuildFile; fileRef = 12BDFAA91920012000CEE3D5 /* Why Riak.pdf */; };
		12F2540C1906836800C5C8F5 /* riak-circle.png in Resources */ = {isa = PBXBuildFile; fileRef = 12F2540B1906836800C5C8F5 /* riak-circle.png */; };
		14C5B15118F6E65A00C68DC3 /* Foundation.framework in Frameworks */ = {isa = PBXBuildFile; fileRef = 14C5B15018F6E65A00C68DC3 /* Foundation.framework */; };
		14C5B15318F6E65A00C68DC3 /* CoreGraphics.framework in Frameworks */ = {isa = PBXBuildFile; fileRef = 14C5B15218F6E65A00C68DC3 /* CoreGraphics.framework */; };
		14C5B15518F6E65A00C68DC3 /* UIKit.framework in Frameworks */ = {isa = PBXBuildFile; fileRef = 14C5B15418F6E65A00C68DC3 /* UIKit.framework */; };
		14C5B15B18F6E65A00C68DC3 /* InfoPlist.strings in Resources */ = {isa = PBXBuildFile; fileRef = 14C5B15918F6E65A00C68DC3 /* InfoPlist.strings */; };
		14C5B15D18F6E65A00C68DC3 /* main.m in Sources */ = {isa = PBXBuildFile; fileRef = 14C5B15C18F6E65A00C68DC3 /* main.m */; };
		14C5B16118F6E65A00C68DC3 /* LRAppDelegate.m in Sources */ = {isa = PBXBuildFile; fileRef = 14C5B16018F6E65A00C68DC3 /* LRAppDelegate.m */; };
		14C5B16318F6E65A00C68DC3 /* Images.xcassets in Resources */ = {isa = PBXBuildFile; fileRef = 14C5B16218F6E65A00C68DC3 /* Images.xcassets */; };
		14C5B18418F6E8DE00C68DC3 /* LRSplashViewController.m in Sources */ = {isa = PBXBuildFile; fileRef = 14C5B18218F6E8DE00C68DC3 /* LRSplashViewController.m */; };
		14C5B18518F6E8DE00C68DC3 /* LRSplashViewController.xib in Resources */ = {isa = PBXBuildFile; fileRef = 14C5B18318F6E8DE00C68DC3 /* LRSplashViewController.xib */; };
/* End PBXBuildFile section */

/* Begin PBXFileReference section */
		12A7026D1918C9EF00F32217 /* LRSetupViewController.h */ = {isa = PBXFileReference; fileEncoding = 4; lastKnownFileType = sourcecode.c.h; path = LRSetupViewController.h; sourceTree = "<group>"; };
		12A7026E1918C9EF00F32217 /* LRSetupViewController.m */ = {isa = PBXFileReference; fileEncoding = 4; lastKnownFileType = sourcecode.c.objc; path = LRSetupViewController.m; sourceTree = "<group>"; };
		12A7026F1918C9EF00F32217 /* LRSetupViewController.xib */ = {isa = PBXFileReference; fileEncoding = 4; lastKnownFileType = file.xib; path = LRSetupViewController.xib; sourceTree = "<group>"; };
		12A702751918CA1B00F32217 /* LRLearningViewController.h */ = {isa = PBXFileReference; fileEncoding = 4; lastKnownFileType = sourcecode.c.h; path = LRLearningViewController.h; sourceTree = "<group>"; };
		12A702761918CA1B00F32217 /* LRLearningViewController.m */ = {isa = PBXFileReference; fileEncoding = 4; lastKnownFileType = sourcecode.c.objc; path = LRLearningViewController.m; sourceTree = "<group>"; };
		12A702771918CA1B00F32217 /* LRLearningViewController.xib */ = {isa = PBXFileReference; fileEncoding = 4; lastKnownFileType = file.xib; path = LRLearningViewController.xib; sourceTree = "<group>"; };
		12A7027A1918CA2900F32217 /* LRLibraryViewController.h */ = {isa = PBXFileReference; fileEncoding = 4; lastKnownFileType = sourcecode.c.h; path = LRLibraryViewController.h; sourceTree = "<group>"; };
		12A7027B1918CA2900F32217 /* LRLibraryViewController.m */ = {isa = PBXFileReference; fileEncoding = 4; lastKnownFileType = sourcecode.c.objc; path = LRLibraryViewController.m; sourceTree = "<group>"; };
		12A7027C1918CA2900F32217 /* LRLibraryViewController.xib */ = {isa = PBXFileReference; fileEncoding = 4; lastKnownFileType = file.xib; path = LRLibraryViewController.xib; sourceTree = "<group>"; };
		12A7027F1918CA3700F32217 /* LRMoreViewController.h */ = {isa = PBXFileReference; fileEncoding = 4; lastKnownFileType = sourcecode.c.h; path = LRMoreViewController.h; sourceTree = "<group>"; };
		12A702801918CA3700F32217 /* LRMoreViewController.m */ = {isa = PBXFileReference; fileEncoding = 4; lastKnownFileType = sourcecode.c.objc; path = LRMoreViewController.m; sourceTree = "<group>"; };
		12A702811918CA3700F32217 /* LRMoreViewController.xib */ = {isa = PBXFileReference; fileEncoding = 4; lastKnownFileType = file.xib; path = LRMoreViewController.xib; sourceTree = "<group>"; };
		12A702841918E4E400F32217 /* fontellofull.ttf */ = {isa = PBXFileReference; lastKnownFileType = file; path = fontellofull.ttf; sourceTree = "<group>"; };
		12A702861918E56800F32217 /* LRConstants.h */ = {isa = PBXFileReference; fileEncoding = 4; lastKnownFileType = sourcecode.c.h; path = LRConstants.h; sourceTree = "<group>"; };
		12A702871918E56800F32217 /* LRConstants.m */ = {isa = PBXFileReference; fileEncoding = 4; lastKnownFileType = sourcecode.c.objc; path = LRConstants.m; sourceTree = "<group>"; };
		12BDFA7B1920011800CEE3D5 /* LRDetailWebViewController.h */ = {isa = PBXFileReference; fileEncoding = 4; lastKnownFileType = sourcecode.c.h; path = LRDetailWebViewController.h; sourceTree = "<group>"; };
		12BDFA7C1920011800CEE3D5 /* LRDetailWebViewController.m */ = {isa = PBXFileReference; fileEncoding = 4; lastKnownFileType = sourcecode.c.objc; path = LRDetailWebViewController.m; sourceTree = "<group>"; };
		12BDFA7D1920011800CEE3D5 /* LRDetailWebViewController.xib */ = {isa = PBXFileReference; fileEncoding = 4; lastKnownFileType = file.xib; path = LRDetailWebViewController.xib; sourceTree = "<group>"; };
		12BDFA811920012000CEE3D5 /* Adding and Removing Nodes.pdf */ = {isa = PBXFileReference; lastKnownFileType = image.pdf; path = "Adding and Removing Nodes.pdf"; sourceTree = "<group>"; };
		12BDFA821920012000CEE3D5 /* Basho Bench.pdf */ = {isa = PBXFileReference; lastKnownFileType = image.pdf; path = "Basho Bench.pdf"; sourceTree = "<group>"; };
		12BDFA831920012000CEE3D5 /* Basic Cluster Setup.pdf */ = {isa = PBXFileReference; lastKnownFileType = image.pdf; path = "Basic Cluster Setup.pdf"; sourceTree = "<group>"; };
		12BDFA841920012000CEE3D5 /* Basic Configuration.pdf */ = {isa = PBXFileReference; lastKnownFileType = image.pdf; path = "Basic Configuration.pdf"; sourceTree = "<group>"; };
		12BDFA851920012000CEE3D5 /* Client Libraries.pdf */ = {isa = PBXFileReference; lastKnownFileType = image.pdf; path = "Client Libraries.pdf"; sourceTree = "<group>"; };
		12BDFA861920012000CEE3D5 /* Configuration Files.pdf */ = {isa = PBXFileReference; lastKnownFileType = image.pdf; path = "Configuration Files.pdf"; sourceTree = "<group>"; };
		12BDFA871920012000CEE3D5 /* Configuring Secondary Indexes.pdf */ = {isa = PBXFileReference; lastKnownFileType = image.pdf; path = "Configuring Secondary Indexes.pdf"; sourceTree = "<group>"; };
		12BDFA881920012000CEE3D5 /* Inspecting a Node.pdf */ = {isa = PBXFileReference; lastKnownFileType = image.pdf; path = "Inspecting a Node.pdf"; sourceTree = "<group>"; };
		12BDFA891920012000CEE3D5 /* Installing and Upgrading.pdf */ = {isa = PBXFileReference; lastKnownFileType = image.pdf; path = "Installing and Upgrading.pdf"; sourceTree = "<group>"; };
		12BDFA8A1920012000CEE3D5 /* Installing Erlang.pdf */ = {isa = PBXFileReference; lastKnownFileType = image.pdf; path = "Installing Erlang.pdf"; sourceTree = "<group>"; };
		12BDFA8B1920012000CEE3D5 /* Installing on AWS Marketplace.pdf */ = {isa = PBXFileReference; lastKnownFileType = image.pdf; path = "Installing on AWS Marketplace.pdf"; sourceTree = "<group>"; };
		12BDFA8C1920012000CEE3D5 /* Installing on Debian and Ubuntu.pdf */ = {isa = PBXFileReference; lastKnownFileType = image.pdf; path = "Installing on Debian and Ubuntu.pdf"; sourceTree = "<group>"; };
		12BDFA8D1920012000CEE3D5 /* Installing on FreeBSD.pdf */ = {isa = PBXFileReference; lastKnownFileType = image.pdf; path = "Installing on FreeBSD.pdf"; sourceTree = "<group>"; };
		12BDFA8E1920012000CEE3D5 /* Installing on Mac OS X.pdf */ = {isa = PBXFileReference; lastKnownFileType = image.pdf; path = "Installing on Mac OS X.pdf"; sourceTree = "<group>"; };
		12BDFA8F1920012000CEE3D5 /* Installing on RHEL and CentOS.pdf */ = {isa = PBXFileReference; lastKnownFileType = image.pdf; path = "Installing on RHEL and CentOS.pdf"; sourceTree = "<group>"; };
		12BDFA901920012000CEE3D5 /* Installing on SmartOS.pdf */ = {isa = PBXFileReference; lastKnownFileType = image.pdf; path = "Installing on SmartOS.pdf"; sourceTree = "<group>"; };
		12BDFA911920012000CEE3D5 /* Installing on Solaris.pdf */ = {isa = PBXFileReference; lastKnownFileType = image.pdf; path = "Installing on Solaris.pdf"; sourceTree = "<group>"; };
		12BDFA921920012000CEE3D5 /* Installing on SUSE.pdf */ = {isa = PBXFileReference; lastKnownFileType = image.pdf; path = "Installing on SUSE.pdf"; sourceTree = "<group>"; };
		12BDFA931920012000CEE3D5 /* Installing on Windows Azure.pdf */ = {isa = PBXFileReference; lastKnownFileType = image.pdf; path = "Installing on Windows Azure.pdf"; sourceTree = "<group>"; };
		12BDFA941920012000CEE3D5 /* Installing Riak from Source.pdf */ = {isa = PBXFileReference; lastKnownFileType = image.pdf; path = "Installing Riak from Source.pdf"; sourceTree = "<group>"; };
		12BDFA951920012000CEE3D5 /* Link Walking.pdf */ = {isa = PBXFileReference; lastKnownFileType = image.pdf; path = "Link Walking.pdf"; sourceTree = "<group>"; };
		12BDFA961920012000CEE3D5 /* Load Balancing and Proxy Configuration.pdf */ = {isa = PBXFileReference; lastKnownFileType = image.pdf; path = "Load Balancing and Proxy Configuration.pdf"; sourceTree = "<group>"; };
		12BDFA971920012000CEE3D5 /* Post Installation.pdf */ = {isa = PBXFileReference; lastKnownFileType = image.pdf; path = "Post Installation.pdf"; sourceTree = "<group>"; };
		12BDFA981920012000CEE3D5 /* Querying with Erlang.pdf */ = {isa = PBXFileReference; lastKnownFileType = image.pdf; path = "Querying with Erlang.pdf"; sourceTree = "<group>"; };
		12BDFA991920012000CEE3D5 /* Querying with Java.pdf */ = {isa = PBXFileReference; lastKnownFileType = image.pdf; path = "Querying with Java.pdf"; sourceTree = "<group>"; };
		12BDFA9A1920012000CEE3D5 /* Querying with PHP.pdf */ = {isa = PBXFileReference; lastKnownFileType = image.pdf; path = "Querying with PHP.pdf"; sourceTree = "<group>"; };
		12BDFA9B1920012000CEE3D5 /* Querying with Python.pdf */ = {isa = PBXFileReference; lastKnownFileType = image.pdf; path = "Querying with Python.pdf"; sourceTree = "<group>"; };
		12BDFA9C1920012000CEE3D5 /* Querying with Ruby.pdf */ = {isa = PBXFileReference; lastKnownFileType = image.pdf; path = "Querying with Ruby.pdf"; sourceTree = "<group>"; };
		12BDFA9D1920012000CEE3D5 /* Querying.pdf */ = {isa = PBXFileReference; lastKnownFileType = image.pdf; path = Querying.pdf; sourceTree = "<group>"; };
		12BDFA9E1920012000CEE3D5 /* Renaming Nodes.pdf */ = {isa = PBXFileReference; lastKnownFileType = image.pdf; path = "Renaming Nodes.pdf"; sourceTree = "<group>"; };
		12BDFA9F1920012000CEE3D5 /* Replacing a Node.pdf */ = {isa = PBXFileReference; lastKnownFileType = image.pdf; path = "Replacing a Node.pdf"; sourceTree = "<group>"; };
		12BDFAA01920012000CEE3D5 /* Riak MapReduce Settings.pdf */ = {isa = PBXFileReference; lastKnownFileType = image.pdf; path = "Riak MapReduce Settings.pdf"; sourceTree = "<group>"; };
		12BDFAA11920012000CEE3D5 /* Riak Search Settings.pdf */ = {isa = PBXFileReference; lastKnownFileType = image.pdf; path = "Riak Search Settings.pdf"; sourceTree = "<group>"; };
		12BDFAA21920012000CEE3D5 /* The Basics.pdf */ = {isa = PBXFileReference; lastKnownFileType = image.pdf; path = "The Basics.pdf"; sourceTree = "<group>"; };
		12BDFAA31920012000CEE3D5 /* Tips and Tricks.pdf */ = {isa = PBXFileReference; lastKnownFileType = image.pdf; path = "Tips and Tricks.pdf"; sourceTree = "<group>"; };
		12BDFAA41920012000CEE3D5 /* Using Commit Hooks.pdf */ = {isa = PBXFileReference; lastKnownFileType = image.pdf; path = "Using Commit Hooks.pdf"; sourceTree = "<group>"; };
		12BDFAA51920012000CEE3D5 /* Using Key Filters.pdf */ = {isa = PBXFileReference; lastKnownFileType = image.pdf; path = "Using Key Filters.pdf"; sourceTree = "<group>"; };
		12BDFAA61920012000CEE3D5 /* Using MapReduce.pdf */ = {isa = PBXFileReference; lastKnownFileType = image.pdf; path = "Using MapReduce.pdf"; sourceTree = "<group>"; };
		12BDFAA71920012000CEE3D5 /* Using Search.pdf */ = {isa = PBXFileReference; lastKnownFileType = image.pdf; path = "Using Search.pdf"; sourceTree = "<group>"; };
		12BDFAA81920012000CEE3D5 /* Using Secondary Indexes.pdf */ = {isa = PBXFileReference; lastKnownFileType = image.pdf; path = "Using Secondary Indexes.pdf"; sourceTree = "<group>"; };
		12BDFAA91920012000CEE3D5 /* Why Riak.pdf */ = {isa = PBXFileReference; lastKnownFileType = image.pdf; path = "Why Riak.pdf"; sourceTree = "<group>"; };
		12F2540B1906836800C5C8F5 /* riak-circle.png */ = {isa = PBXFileReference; lastKnownFileType = image.png; path = "riak-circle.png"; sourceTree = "<group>"; };
		14C5B14D18F6E65A00C68DC3 /* LearnRiak.app */ = {isa = PBXFileReference; explicitFileType = wrapper.application; includeInIndex = 0; path = LearnRiak.app; sourceTree = BUILT_PRODUCTS_DIR; };
		14C5B15018F6E65A00C68DC3 /* Foundation.framework */ = {isa = PBXFileReference; lastKnownFileType = wrapper.framework; name = Foundation.framework; path = System/Library/Frameworks/Foundation.framework; sourceTree = SDKROOT; };
		14C5B15218F6E65A00C68DC3 /* CoreGraphics.framework */ = {isa = PBXFileReference; lastKnownFileType = wrapper.framework; name = CoreGraphics.framework; path = System/Library/Frameworks/CoreGraphics.framework; sourceTree = SDKROOT; };
		14C5B15418F6E65A00C68DC3 /* UIKit.framework */ = {isa = PBXFileReference; lastKnownFileType = wrapper.framework; name = UIKit.framework; path = System/Library/Frameworks/UIKit.framework; sourceTree = SDKROOT; };
		14C5B15818F6E65A00C68DC3 /* LearnRiak-Info.plist */ = {isa = PBXFileReference; lastKnownFileType = text.plist.xml; path = "LearnRiak-Info.plist"; sourceTree = "<group>"; };
		14C5B15A18F6E65A00C68DC3 /* en */ = {isa = PBXFileReference; lastKnownFileType = text.plist.strings; name = en; path = en.lproj/InfoPlist.strings; sourceTree = "<group>"; };
		14C5B15C18F6E65A00C68DC3 /* main.m */ = {isa = PBXFileReference; lastKnownFileType = sourcecode.c.objc; path = main.m; sourceTree = "<group>"; };
		14C5B15E18F6E65A00C68DC3 /* LearnRiak-Prefix.pch */ = {isa = PBXFileReference; lastKnownFileType = sourcecode.c.h; path = "LearnRiak-Prefix.pch"; sourceTree = "<group>"; };
		14C5B15F18F6E65A00C68DC3 /* LRAppDelegate.h */ = {isa = PBXFileReference; lastKnownFileType = sourcecode.c.h; path = LRAppDelegate.h; sourceTree = "<group>"; };
		14C5B16018F6E65A00C68DC3 /* LRAppDelegate.m */ = {isa = PBXFileReference; lastKnownFileType = sourcecode.c.objc; path = LRAppDelegate.m; sourceTree = "<group>"; };
		14C5B16218F6E65A00C68DC3 /* Images.xcassets */ = {isa = PBXFileReference; lastKnownFileType = folder.assetcatalog; path = Images.xcassets; sourceTree = "<group>"; };
		14C5B16918F6E65A00C68DC3 /* XCTest.framework */ = {isa = PBXFileReference; lastKnownFileType = wrapper.framework; name = XCTest.framework; path = Library/Frameworks/XCTest.framework; sourceTree = DEVELOPER_DIR; };
		14C5B18118F6E8DE00C68DC3 /* LRSplashViewController.h */ = {isa = PBXFileReference; fileEncoding = 4; lastKnownFileType = sourcecode.c.h; path = LRSplashViewController.h; sourceTree = "<group>"; };
		14C5B18218F6E8DE00C68DC3 /* LRSplashViewController.m */ = {isa = PBXFileReference; fileEncoding = 4; lastKnownFileType = sourcecode.c.objc; path = LRSplashViewController.m; sourceTree = "<group>"; };
		14C5B18318F6E8DE00C68DC3 /* LRSplashViewController.xib */ = {isa = PBXFileReference; fileEncoding = 4; lastKnownFileType = file.xib; path = LRSplashViewController.xib; sourceTree = "<group>"; };
/* End PBXFileReference section */

/* Begin PBXFrameworksBuildPhase section */
		14C5B14A18F6E65A00C68DC3 /* Frameworks */ = {
			isa = PBXFrameworksBuildPhase;
			buildActionMask = 2147483647;
			files = (
				14C5B15318F6E65A00C68DC3 /* CoreGraphics.framework in Frameworks */,
				14C5B15518F6E65A00C68DC3 /* UIKit.framework in Frameworks */,
				14C5B15118F6E65A00C68DC3 /* Foundation.framework in Frameworks */,
			);
			runOnlyForDeploymentPostprocessing = 0;
		};
/* End PBXFrameworksBuildPhase section */

/* Begin PBXGroup section */
		12BDFA801920012000CEE3D5 /* PDFs */ = {
			isa = PBXGroup;
			children = (
				12BDFA811920012000CEE3D5 /* Adding and Removing Nodes.pdf */,
				12BDFA821920012000CEE3D5 /* Basho Bench.pdf */,
				12BDFA831920012000CEE3D5 /* Basic Cluster Setup.pdf */,
				12BDFA841920012000CEE3D5 /* Basic Configuration.pdf */,
				12BDFA851920012000CEE3D5 /* Client Libraries.pdf */,
				12BDFA861920012000CEE3D5 /* Configuration Files.pdf */,
				12BDFA871920012000CEE3D5 /* Configuring Secondary Indexes.pdf */,
				12BDFA881920012000CEE3D5 /* Inspecting a Node.pdf */,
				12BDFA891920012000CEE3D5 /* Installing and Upgrading.pdf */,
				12BDFA8A1920012000CEE3D5 /* Installing Erlang.pdf */,
				12BDFA8B1920012000CEE3D5 /* Installing on AWS Marketplace.pdf */,
				12BDFA8C1920012000CEE3D5 /* Installing on Debian and Ubuntu.pdf */,
				12BDFA8D1920012000CEE3D5 /* Installing on FreeBSD.pdf */,
				12BDFA8E1920012000CEE3D5 /* Installing on Mac OS X.pdf */,
				12BDFA8F1920012000CEE3D5 /* Installing on RHEL and CentOS.pdf */,
				12BDFA901920012000CEE3D5 /* Installing on SmartOS.pdf */,
				12BDFA911920012000CEE3D5 /* Installing on Solaris.pdf */,
				12BDFA921920012000CEE3D5 /* Installing on SUSE.pdf */,
				12BDFA931920012000CEE3D5 /* Installing on Windows Azure.pdf */,
				12BDFA941920012000CEE3D5 /* Installing Riak from Source.pdf */,
				12BDFA951920012000CEE3D5 /* Link Walking.pdf */,
				12BDFA961920012000CEE3D5 /* Load Balancing and Proxy Configuration.pdf */,
				12BDFA971920012000CEE3D5 /* Post Installation.pdf */,
				12BDFA981920012000CEE3D5 /* Querying with Erlang.pdf */,
				12BDFA991920012000CEE3D5 /* Querying with Java.pdf */,
				12BDFA9A1920012000CEE3D5 /* Querying with PHP.pdf */,
				12BDFA9B1920012000CEE3D5 /* Querying with Python.pdf */,
				12BDFA9C1920012000CEE3D5 /* Querying with Ruby.pdf */,
				12BDFA9D1920012000CEE3D5 /* Querying.pdf */,
				12BDFA9E1920012000CEE3D5 /* Renaming Nodes.pdf */,
				12BDFA9F1920012000CEE3D5 /* Replacing a Node.pdf */,
				12BDFAA01920012000CEE3D5 /* Riak MapReduce Settings.pdf */,
				12BDFAA11920012000CEE3D5 /* Riak Search Settings.pdf */,
				12BDFAA21920012000CEE3D5 /* The Basics.pdf */,
				12BDFAA31920012000CEE3D5 /* Tips and Tricks.pdf */,
				12BDFAA41920012000CEE3D5 /* Using Commit Hooks.pdf */,
				12BDFAA51920012000CEE3D5 /* Using Key Filters.pdf */,
				12BDFAA61920012000CEE3D5 /* Using MapReduce.pdf */,
				12BDFAA71920012000CEE3D5 /* Using Search.pdf */,
				12BDFAA81920012000CEE3D5 /* Using Secondary Indexes.pdf */,
				12BDFAA91920012000CEE3D5 /* Why Riak.pdf */,
			);
			path = PDFs;
			sourceTree = "<group>";
		};
		14C5B14418F6E65A00C68DC3 = {
			isa = PBXGroup;
			children = (
				14C5B15618F6E65A00C68DC3 /* LearnRiak */,
				14C5B14F18F6E65A00C68DC3 /* Frameworks */,
				14C5B14E18F6E65A00C68DC3 /* Products */,
			);
			sourceTree = "<group>";
		};
		14C5B14E18F6E65A00C68DC3 /* Products */ = {
			isa = PBXGroup;
			children = (
				14C5B14D18F6E65A00C68DC3 /* LearnRiak.app */,
			);
			name = Products;
			sourceTree = "<group>";
		};
		14C5B14F18F6E65A00C68DC3 /* Frameworks */ = {
			isa = PBXGroup;
			children = (
				14C5B15018F6E65A00C68DC3 /* Foundation.framework */,
				14C5B15218F6E65A00C68DC3 /* CoreGraphics.framework */,
				14C5B15418F6E65A00C68DC3 /* UIKit.framework */,
				14C5B16918F6E65A00C68DC3 /* XCTest.framework */,
			);
			name = Frameworks;
			sourceTree = "<group>";
		};
		14C5B15618F6E65A00C68DC3 /* LearnRiak */ = {
			isa = PBXGroup;
			children = (
				14C5B15F18F6E65A00C68DC3 /* LRAppDelegate.h */,
				14C5B16018F6E65A00C68DC3 /* LRAppDelegate.m */,
				12A702861918E56800F32217 /* LRConstants.h */,
				12A702871918E56800F32217 /* LRConstants.m */,
				14C5B18018F6E8B000C68DC3 /* View Controllers */,
				14C5B17F18F6E8B000C68DC3 /* Resources */,
				14C5B16218F6E65A00C68DC3 /* Images.xcassets */,
				14C5B15718F6E65A00C68DC3 /* Supporting Files */,
			);
			path = LearnRiak;
			sourceTree = "<group>";
		};
		14C5B15718F6E65A00C68DC3 /* Supporting Files */ = {
			isa = PBXGroup;
			children = (
				14C5B15818F6E65A00C68DC3 /* LearnRiak-Info.plist */,
				14C5B15918F6E65A00C68DC3 /* InfoPlist.strings */,
				14C5B15C18F6E65A00C68DC3 /* main.m */,
				14C5B15E18F6E65A00C68DC3 /* LearnRiak-Prefix.pch */,
			);
			name = "Supporting Files";
			sourceTree = "<group>";
		};
		14C5B17F18F6E8B000C68DC3 /* Resources */ = {
			isa = PBXGroup;
			children = (
				12BDFA801920012000CEE3D5 /* PDFs */,
				12A702841918E4E400F32217 /* fontellofull.ttf */,
				12F2540B1906836800C5C8F5 /* riak-circle.png */,
			);
			path = Resources;
			sourceTree = "<group>";
		};
		14C5B18018F6E8B000C68DC3 /* View Controllers */ = {
			isa = PBXGroup;
			children = (
				12BDFA7B1920011800CEE3D5 /* LRDetailWebViewController.h */,
				12BDFA7C1920011800CEE3D5 /* LRDetailWebViewController.m */,
				12BDFA7D1920011800CEE3D5 /* LRDetailWebViewController.xib */,
				14C5B18118F6E8DE00C68DC3 /* LRSplashViewController.h */,
				14C5B18218F6E8DE00C68DC3 /* LRSplashViewController.m */,
				14C5B18318F6E8DE00C68DC3 /* LRSplashViewController.xib */,
				12A7026D1918C9EF00F32217 /* LRSetupViewController.h */,
				12A7026E1918C9EF00F32217 /* LRSetupViewController.m */,
				12A7026F1918C9EF00F32217 /* LRSetupViewController.xib */,
				12A702751918CA1B00F32217 /* LRLearningViewController.h */,
				12A702761918CA1B00F32217 /* LRLearningViewController.m */,
				12A702771918CA1B00F32217 /* LRLearningViewController.xib */,
				12A7027A1918CA2900F32217 /* LRLibraryViewController.h */,
				12A7027B1918CA2900F32217 /* LRLibraryViewController.m */,
				12A7027C1918CA2900F32217 /* LRLibraryViewController.xib */,
				12A7027F1918CA3700F32217 /* LRMoreViewController.h */,
				12A702801918CA3700F32217 /* LRMoreViewController.m */,
				12A702811918CA3700F32217 /* LRMoreViewController.xib */,
			);
			path = "View Controllers";
			sourceTree = "<group>";
		};
/* End PBXGroup section */

/* Begin PBXNativeTarget section */
		14C5B14C18F6E65A00C68DC3 /* LearnRiak */ = {
			isa = PBXNativeTarget;
			buildConfigurationList = 14C5B17918F6E65A00C68DC3 /* Build configuration list for PBXNativeTarget "LearnRiak" */;
			buildPhases = (
				14C5B14918F6E65A00C68DC3 /* Sources */,
				14C5B14A18F6E65A00C68DC3 /* Frameworks */,
				14C5B14B18F6E65A00C68DC3 /* Resources */,
			);
			buildRules = (
			);
			dependencies = (
			);
			name = LearnRiak;
			productName = LearnRiak;
			productReference = 14C5B14D18F6E65A00C68DC3 /* LearnRiak.app */;
			productType = "com.apple.product-type.application";
		};
/* End PBXNativeTarget section */

/* Begin PBXProject section */
		14C5B14518F6E65A00C68DC3 /* Project object */ = {
			isa = PBXProject;
			attributes = {
				CLASSPREFIX = LR;
				LastUpgradeCheck = 0510;
				ORGANIZATIONNAME = "Vidya Murthy";
			};
			buildConfigurationList = 14C5B14818F6E65A00C68DC3 /* Build configuration list for PBXProject "LearnRiak" */;
			compatibilityVersion = "Xcode 3.2";
			developmentRegion = English;
			hasScannedForEncodings = 0;
			knownRegions = (
				en,
			);
			mainGroup = 14C5B14418F6E65A00C68DC3;
			productRefGroup = 14C5B14E18F6E65A00C68DC3 /* Products */;
			projectDirPath = "";
			projectRoot = "";
			targets = (
				14C5B14C18F6E65A00C68DC3 /* LearnRiak */,
			);
		};
/* End PBXProject section */

/* Begin PBXResourcesBuildPhase section */
		14C5B14B18F6E65A00C68DC3 /* Resources */ = {
			isa = PBXResourcesBuildPhase;
			buildActionMask = 2147483647;
			files = (
				12BDFABB1920012000CEE3D5 /* Installing on SUSE.pdf in Resources */,
				12F2540C1906836800C5C8F5 /* riak-circle.png in Resources */,
				12BDFAAD1920012000CEE3D5 /* Basic Configuration.pdf in Resources */,
				12BDFABC1920012000CEE3D5 /* Installing on Windows Azure.pdf in Resources */,
				12BDFAB91920012000CEE3D5 /* Installing on SmartOS.pdf in Resources */,
				12A702831918CA3700F32217 /* LRMoreViewController.xib in Resources */,
				12BDFAB81920012000CEE3D5 /* Installing on RHEL and CentOS.pdf in Resources */,
				12BDFACF1920012000CEE3D5 /* Using MapReduce.pdf in Resources */,
				14C5B18518F6E8DE00C68DC3 /* LRSplashViewController.xib in Resources */,
				12A7027E1918CA2900F32217 /* LRLibraryViewController.xib in Resources */,
				12BDFAB01920012000CEE3D5 /* Configuring Secondary Indexes.pdf in Resources */,
				12BDFAB51920012000CEE3D5 /* Installing on Debian and Ubuntu.pdf in Resources */,
				12BDFAC81920012000CEE3D5 /* Replacing a Node.pdf in Resources */,
				12BDFAB71920012000CEE3D5 /* Installing on Mac OS X.pdf in Resources */,
				12BDFABD1920012000CEE3D5 /* Installing Riak from Source.pdf in Resources */,
				12BDFAAC1920012000CEE3D5 /* Basic Cluster Setup.pdf in Resources */,
				12BDFAC01920012000CEE3D5 /* Post Installation.pdf in Resources */,
				12BDFAAA1920012000CEE3D5 /* Adding and Removing Nodes.pdf in Resources */,
				12BDFACD1920012000CEE3D5 /* Using Commit Hooks.pdf in Resources */,
				12BDFAB11920012000CEE3D5 /* Inspecting a Node.pdf in Resources */,
				12BDFAC41920012000CEE3D5 /* Querying with Python.pdf in Resources */,
				12BDFABA1920012000CEE3D5 /* Installing on Solaris.pdf in Resources */,
				12BDFAB21920012000CEE3D5 /* Installing and Upgrading.pdf in Resources */,
				12BDFABE1920012000CEE3D5 /* Link Walking.pdf in Resources */,
				12BDFAD01920012000CEE3D5 /* Using Search.pdf in Resources */,
				12A702791918CA1B00F32217 /* LRLearningViewController.xib in Resources */,
				12BDFACC1920012000CEE3D5 /* Tips and Tricks.pdf in Resources */,
				12BDFAC51920012000CEE3D5 /* Querying with Ruby.pdf in Resources */,
				12BDFACB1920012000CEE3D5 /* The Basics.pdf in Resources */,
				12BDFAC11920012000CEE3D5 /* Querying with Erlang.pdf in Resources */,
				12BDFAAE1920012000CEE3D5 /* Client Libraries.pdf in Resources */,
				14C5B15B18F6E65A00C68DC3 /* InfoPlist.strings in Resources */,
				12BDFACE1920012000CEE3D5 /* Using Key Filters.pdf in Resources */,
				12BDFAD21920012000CEE3D5 /* Why Riak.pdf in Resources */,
				12BDFAAF1920012000CEE3D5 /* Configuration Files.pdf in Resources */,
				12A702851918E4E400F32217 /* fontellofull.ttf in Resources */,
				12BDFAC71920012000CEE3D5 /* Renaming Nodes.pdf in Resources */,
				12BDFAC21920012000CEE3D5 /* Querying with Java.pdf in Resources */,
				12BDFAAB1920012000CEE3D5 /* Basho Bench.pdf in Resources */,
				12A702711918C9EF00F32217 /* LRSetupViewController.xib in Resources */,
				12BDFAC31920012000CEE3D5 /* Querying with PHP.pdf in Resources */,
				12BDFA7F1920011800CEE3D5 /* LRDetailWebViewController.xib in Resources */,
				12BDFACA1920012000CEE3D5 /* Riak Search Settings.pdf in Resources */,
				12BDFAC61920012000CEE3D5 /* Querying.pdf in Resources */,
				14C5B16318F6E65A00C68DC3 /* Images.xcassets in Resources */,
				12BDFAB31920012000CEE3D5 /* Installing Erlang.pdf in Resources */,
				12BDFAD11920012000CEE3D5 /* Using Secondary Indexes.pdf in Resources */,
				12BDFAB61920012000CEE3D5 /* Installing on FreeBSD.pdf in Resources */,
				12BDFAC91920012000CEE3D5 /* Riak MapReduce Settings.pdf in Resources */,
				12BDFABF1920012000CEE3D5 /* Load Balancing and Proxy Configuration.pdf in Resources */,
				12BDFAB41920012000CEE3D5 /* Installing on AWS Marketplace.pdf in Resources */,
			);
			runOnlyForDeploymentPostprocessing = 0;
		};
/* End PBXResourcesBuildPhase section */

/* Begin PBXSourcesBuildPhase section */
		14C5B14918F6E65A00C68DC3 /* Sources */ = {
			isa = PBXSourcesBuildPhase;
			buildActionMask = 2147483647;
			files = (
				12A702701918C9EF00F32217 /* LRSetupViewController.m in Sources */,
				12A702781918CA1B00F32217 /* LRLearningViewController.m in Sources */,
				12A7027D1918CA2900F32217 /* LRLibraryViewController.m in Sources */,
				12A702881918E56800F32217 /* LRConstants.m in Sources */,
				14C5B16118F6E65A00C68DC3 /* LRAppDelegate.m in Sources */,
				12BDFA7E1920011800CEE3D5 /* LRDetailWebViewController.m in Sources */,
				12A702821918CA3700F32217 /* LRMoreViewController.m in Sources */,
				14C5B15D18F6E65A00C68DC3 /* main.m in Sources */,
				14C5B18418F6E8DE00C68DC3 /* LRSplashViewController.m in Sources */,
			);
			runOnlyForDeploymentPostprocessing = 0;
		};
/* End PBXSourcesBuildPhase section */

/* Begin PBXVariantGroup section */
		14C5B15918F6E65A00C68DC3 /* InfoPlist.strings */ = {
			isa = PBXVariantGroup;
			children = (
				14C5B15A18F6E65A00C68DC3 /* en */,
			);
			name = InfoPlist.strings;
			sourceTree = "<group>";
		};
/* End PBXVariantGroup section */

/* Begin XCBuildConfiguration section */
		14C5B17718F6E65A00C68DC3 /* Debug */ = {
			isa = XCBuildConfiguration;
			buildSettings = {
				ALWAYS_SEARCH_USER_PATHS = NO;
				CLANG_CXX_LANGUAGE_STANDARD = "gnu++0x";
				CLANG_CXX_LIBRARY = "libc++";
				CLANG_ENABLE_MODULES = YES;
				CLANG_ENABLE_OBJC_ARC = YES;
				CLANG_WARN_BOOL_CONVERSION = YES;
				CLANG_WARN_CONSTANT_CONVERSION = YES;
				CLANG_WARN_DIRECT_OBJC_ISA_USAGE = YES_ERROR;
				CLANG_WARN_EMPTY_BODY = YES;
				CLANG_WARN_ENUM_CONVERSION = YES;
				CLANG_WARN_INT_CONVERSION = YES;
				CLANG_WARN_OBJC_ROOT_CLASS = YES_ERROR;
				CLANG_WARN__DUPLICATE_METHOD_MATCH = YES;
				"CODE_SIGN_IDENTITY[sdk=iphoneos*]" = "iPhone Developer";
				COPY_PHASE_STRIP = NO;
				GCC_C_LANGUAGE_STANDARD = gnu99;
				GCC_DYNAMIC_NO_PIC = NO;
				GCC_OPTIMIZATION_LEVEL = 0;
				GCC_PREPROCESSOR_DEFINITIONS = (
					"DEBUG=1",
					"$(inherited)",
				);
				GCC_SYMBOLS_PRIVATE_EXTERN = NO;
				GCC_WARN_64_TO_32_BIT_CONVERSION = YES;
				GCC_WARN_ABOUT_RETURN_TYPE = YES_ERROR;
				GCC_WARN_UNDECLARED_SELECTOR = YES;
				GCC_WARN_UNINITIALIZED_AUTOS = YES_AGGRESSIVE;
				GCC_WARN_UNUSED_FUNCTION = YES;
				GCC_WARN_UNUSED_VARIABLE = YES;
				IPHONEOS_DEPLOYMENT_TARGET = 7.1;
				ONLY_ACTIVE_ARCH = YES;
				SDKROOT = iphoneos;
			};
			name = Debug;
		};
		14C5B17818F6E65A00C68DC3 /* Release */ = {
			isa = XCBuildConfiguration;
			buildSettings = {
				ALWAYS_SEARCH_USER_PATHS = NO;
				CLANG_CXX_LANGUAGE_STANDARD = "gnu++0x";
				CLANG_CXX_LIBRARY = "libc++";
				CLANG_ENABLE_MODULES = YES;
				CLANG_ENABLE_OBJC_ARC = YES;
				CLANG_WARN_BOOL_CONVERSION = YES;
				CLANG_WARN_CONSTANT_CONVERSION = YES;
				CLANG_WARN_DIRECT_OBJC_ISA_USAGE = YES_ERROR;
				CLANG_WARN_EMPTY_BODY = YES;
				CLANG_WARN_ENUM_CONVERSION = YES;
				CLANG_WARN_INT_CONVERSION = YES;
				CLANG_WARN_OBJC_ROOT_CLASS = YES_ERROR;
				CLANG_WARN__DUPLICATE_METHOD_MATCH = YES;
				"CODE_SIGN_IDENTITY[sdk=iphoneos*]" = "iPhone Developer";
				COPY_PHASE_STRIP = YES;
				ENABLE_NS_ASSERTIONS = NO;
				GCC_C_LANGUAGE_STANDARD = gnu99;
				GCC_WARN_64_TO_32_BIT_CONVERSION = YES;
				GCC_WARN_ABOUT_RETURN_TYPE = YES_ERROR;
				GCC_WARN_UNDECLARED_SELECTOR = YES;
				GCC_WARN_UNINITIALIZED_AUTOS = YES_AGGRESSIVE;
				GCC_WARN_UNUSED_FUNCTION = YES;
				GCC_WARN_UNUSED_VARIABLE = YES;
				IPHONEOS_DEPLOYMENT_TARGET = 7.1;
				SDKROOT = iphoneos;
				VALIDATE_PRODUCT = YES;
			};
			name = Release;
		};
		14C5B17A18F6E65A00C68DC3 /* Debug */ = {
			isa = XCBuildConfiguration;
			buildSettings = {
				ASSETCATALOG_COMPILER_APPICON_NAME = AppIcon;
				ASSETCATALOG_COMPILER_LAUNCHIMAGE_NAME = LaunchImage;
				CODE_SIGN_IDENTITY = "iPhone Developer: Vidya N (96E22M9SYN)";
				GCC_PRECOMPILE_PREFIX_HEADER = YES;
				GCC_PREFIX_HEADER = "LearnRiak/LearnRiak-Prefix.pch";
				INFOPLIST_FILE = "LearnRiak/LearnRiak-Info.plist";
				PRODUCT_NAME = "$(TARGET_NAME)";
				WRAPPER_EXTENSION = app;
			};
			name = Debug;
		};
		14C5B17B18F6E65A00C68DC3 /* Release */ = {
			isa = XCBuildConfiguration;
			buildSettings = {
				ASSETCATALOG_COMPILER_APPICON_NAME = AppIcon;
				ASSETCATALOG_COMPILER_LAUNCHIMAGE_NAME = LaunchImage;
				CODE_SIGN_IDENTITY = "iPhone Developer: Vidya N (96E22M9SYN)";
				GCC_PRECOMPILE_PREFIX_HEADER = YES;
				GCC_PREFIX_HEADER = "LearnRiak/LearnRiak-Prefix.pch";
				INFOPLIST_FILE = "LearnRiak/LearnRiak-Info.plist";
				PRODUCT_NAME = "$(TARGET_NAME)";
				WRAPPER_EXTENSION = app;
			};
			name = Release;
		};
/* End XCBuildConfiguration section */

/* Begin XCConfigurationList section */
		14C5B14818F6E65A00C68DC3 /* Build configuration list for PBXProject "LearnRiak" */ = {
			isa = XCConfigurationList;
			buildConfigurations = (
				14C5B17718F6E65A00C68DC3 /* Debug */,
				14C5B17818F6E65A00C68DC3 /* Release */,
			);
			defaultConfigurationIsVisible = 0;
			defaultConfigurationName = Release;
		};
		14C5B17918F6E65A00C68DC3 /* Build configuration list for PBXNativeTarget "LearnRiak" */ = {
			isa = XCConfigurationList;
			buildConfigurations = (
				14C5B17A18F6E65A00C68DC3 /* Debug */,
				14C5B17B18F6E65A00C68DC3 /* Release */,
			);
			defaultConfigurationIsVisible = 0;
			defaultConfigurationName = Release;
		};
/* End XCConfigurationList section */
	};
	rootObject = 14C5B14518F6E65A00C68DC3 /* Project object */;
}
